
Microsoft Visual Studio Solution File, Format Version 12.00
# Visual Studio Version 17
VisualStudioVersion = 17.5.002.0
MinimumVisualStudioVersion = 10.0.40219.1
Project("{2150E333-8FDC-42A3-9474-1A3956D46DE8}") = "3", "3", "{C69F2A9C-C8CB-4DEA-B23F-3DCB61835283}"
EndProject
Project("{9A19103F-16F7-4668-BE54-9A1E7A4F7556}") = "дз. координаты в 3д", "3\дз. координаты в 3д\дз. координаты в 3д.csproj", "{FEB76B96-1FCD-498C-8FEB-ED7460E28775}"
EndProject
Project("{9A19103F-16F7-4668-BE54-9A1E7A4F7556}") = "задание1", "3\задание1\задание1.csproj", "{6B231CA7-9C61-4F9F-BFCA-BF0753B8F6CC}"
EndProject
Project("{9A19103F-16F7-4668-BE54-9A1E7A4F7556}") = "задание2", "3\задание2\задание2.csproj", "{262D1FF2-D9EA-4898-B2ED-BB5C04A6E297}"
EndProject
Project("{9A19103F-16F7-4668-BE54-9A1E7A4F7556}") = "задание3", "3\задание3\задание3.csproj", "{66A8CACD-A880-43C9-A4C7-20D6F4E99672}"
EndProject
Project("{9A19103F-16F7-4668-BE54-9A1E7A4F7556}") = "задание4", "3\задание4\задание4.csproj", "{23376345-3324-4D1F-A9B8-82BAC3B2B8CC}"
EndProject
Project("{9A19103F-16F7-4668-BE54-9A1E7A4F7556}") = "задание5", "3\задание5\задание5.csproj", "{CD789076-8082-457C-BAF5-8AC53D4BBF31}"
EndProject
Project("{2150E333-8FDC-42A3-9474-1A3956D46DE8}") = "4", "4", "{CB7F740E-8670-4137-B4BD-A482C05BD9F0}"
EndProject
Project("{9A19103F-16F7-4668-BE54-9A1E7A4F7556}") = "дз.4.2", "4\дз.4.2\дз.4.2.csproj", "{427F1AD8-7530-46FA-A173-F13F756CC56B}"
EndProject
Project("{9A19103F-16F7-4668-BE54-9A1E7A4F7556}") = "дз4.1", "4\дз4.1\дз4.1.csproj", "{7B2674B1-8138-4705-A424-644783EA8D7C}"
EndProject
Project("{9A19103F-16F7-4668-BE54-9A1E7A4F7556}") = "дз4.3", "4\дз4.3\дз4.3.csproj", "{6D013DA6-AF4F-4993-948C-2DBB7582AE3A}"
EndProject
Project("{9A19103F-16F7-4668-BE54-9A1E7A4F7556}") = "задание1", "4\задание1\задание1.csproj", "{AD472B01-7C4A-4EAE-8E71-BC5EE2D9033B}"
EndProject
Project("{9A19103F-16F7-4668-BE54-9A1E7A4F7556}") = "задание2", "4\задание2\задание2.csproj", "{B8B24014-F56B-4A6F-B7B1-6B278ED48BED}"
EndProject
Project("{9A19103F-16F7-4668-BE54-9A1E7A4F7556}") = "задание3", "4\задание3\задание3.csproj", "{1E7CE94B-2324-4B02-95F9-D774FC014B52}"
EndProject
Project("{9A19103F-16F7-4668-BE54-9A1E7A4F7556}") = "задание4", "4\задание4\задание4.csproj", "{F48B0B2E-26DC-44F1-987F-47B24068B13B}"
EndProject
Global
	GlobalSection(SolutionConfigurationPlatforms) = preSolution
		Debug|Any CPU = Debug|Any CPU
		Release|Any CPU = Release|Any CPU
	EndGlobalSection
	GlobalSection(ProjectConfigurationPlatforms) = postSolution
		{FEB76B96-1FCD-498C-8FEB-ED7460E28775}.Debug|Any CPU.ActiveCfg = Debug|Any CPU
		{FEB76B96-1FCD-498C-8FEB-ED7460E28775}.Debug|Any CPU.Build.0 = Debug|Any CPU
		{FEB76B96-1FCD-498C-8FEB-ED7460E28775}.Release|Any CPU.ActiveCfg = Release|Any CPU
		{FEB76B96-1FCD-498C-8FEB-ED7460E28775}.Release|Any CPU.Build.0 = Release|Any CPU
		{6B231CA7-9C61-4F9F-BFCA-BF0753B8F6CC}.Debug|Any CPU.ActiveCfg = Debug|Any CPU
		{6B231CA7-9C61-4F9F-BFCA-BF0753B8F6CC}.Debug|Any CPU.Build.0 = Debug|Any CPU
		{6B231CA7-9C61-4F9F-BFCA-BF0753B8F6CC}.Release|Any CPU.ActiveCfg = Release|Any CPU
		{6B231CA7-9C61-4F9F-BFCA-BF0753B8F6CC}.Release|Any CPU.Build.0 = Release|Any CPU
		{262D1FF2-D9EA-4898-B2ED-BB5C04A6E297}.Debug|Any CPU.ActiveCfg = Debug|Any CPU
		{262D1FF2-D9EA-4898-B2ED-BB5C04A6E297}.Debug|Any CPU.Build.0 = Debug|Any CPU
		{262D1FF2-D9EA-4898-B2ED-BB5C04A6E297}.Release|Any CPU.ActiveCfg = Release|Any CPU
		{262D1FF2-D9EA-4898-B2ED-BB5C04A6E297}.Release|Any CPU.Build.0 = Release|Any CPU
		{66A8CACD-A880-43C9-A4C7-20D6F4E99672}.Debug|Any CPU.ActiveCfg = Debug|Any CPU
		{66A8CACD-A880-43C9-A4C7-20D6F4E99672}.Debug|Any CPU.Build.0 = Debug|Any CPU
		{66A8CACD-A880-43C9-A4C7-20D6F4E99672}.Release|Any CPU.ActiveCfg = Release|Any CPU
		{66A8CACD-A880-43C9-A4C7-20D6F4E99672}.Release|Any CPU.Build.0 = Release|Any CPU
		{23376345-3324-4D1F-A9B8-82BAC3B2B8CC}.Debug|Any CPU.ActiveCfg = Debug|Any CPU
		{23376345-3324-4D1F-A9B8-82BAC3B2B8CC}.Debug|Any CPU.Build.0 = Debug|Any CPU
		{23376345-3324-4D1F-A9B8-82BAC3B2B8CC}.Release|Any CPU.ActiveCfg = Release|Any CPU
		{23376345-3324-4D1F-A9B8-82BAC3B2B8CC}.Release|Any CPU.Build.0 = Release|Any CPU
		{CD789076-8082-457C-BAF5-8AC53D4BBF31}.Debug|Any CPU.ActiveCfg = Debug|Any CPU
		{CD789076-8082-457C-BAF5-8AC53D4BBF31}.Debug|Any CPU.Build.0 = Debug|Any CPU
		{CD789076-8082-457C-BAF5-8AC53D4BBF31}.Release|Any CPU.ActiveCfg = Release|Any CPU
		{CD789076-8082-457C-BAF5-8AC53D4BBF31}.Release|Any CPU.Build.0 = Release|Any CPU
		{427F1AD8-7530-46FA-A173-F13F756CC56B}.Debug|Any CPU.ActiveCfg = Debug|Any CPU
		{427F1AD8-7530-46FA-A173-F13F756CC56B}.Debug|Any CPU.Build.0 = Debug|Any CPU
		{427F1AD8-7530-46FA-A173-F13F756CC56B}.Release|Any CPU.ActiveCfg = Release|Any CPU
		{427F1AD8-7530-46FA-A173-F13F756CC56B}.Release|Any CPU.Build.0 = Release|Any CPU
		{7B2674B1-8138-4705-A424-644783EA8D7C}.Debug|Any CPU.ActiveCfg = Debug|Any CPU
		{7B2674B1-8138-4705-A424-644783EA8D7C}.Debug|Any CPU.Build.0 = Debug|Any CPU
		{7B2674B1-8138-4705-A424-644783EA8D7C}.Release|Any CPU.ActiveCfg = Release|Any CPU
		{7B2674B1-8138-4705-A424-644783EA8D7C}.Release|Any CPU.Build.0 = Release|Any CPU
		{6D013DA6-AF4F-4993-948C-2DBB7582AE3A}.Debug|Any CPU.ActiveCfg = Debug|Any CPU
		{6D013DA6-AF4F-4993-948C-2DBB7582AE3A}.Debug|Any CPU.Build.0 = Debug|Any CPU
		{6D013DA6-AF4F-4993-948C-2DBB7582AE3A}.Release|Any CPU.ActiveCfg = Release|Any CPU
		{6D013DA6-AF4F-4993-948C-2DBB7582AE3A}.Release|Any CPU.Build.0 = Release|Any CPU
		{AD472B01-7C4A-4EAE-8E71-BC5EE2D9033B}.Debug|Any CPU.ActiveCfg = Debug|Any CPU
		{AD472B01-7C4A-4EAE-8E71-BC5EE2D9033B}.Debug|Any CPU.Build.0 = Debug|Any CPU
		{AD472B01-7C4A-4EAE-8E71-BC5EE2D9033B}.Release|Any CPU.ActiveCfg = Release|Any CPU
		{AD472B01-7C4A-4EAE-8E71-BC5EE2D9033B}.Release|Any CPU.Build.0 = Release|Any CPU
		{B8B24014-F56B-4A6F-B7B1-6B278ED48BED}.Debug|Any CPU.ActiveCfg = Debug|Any CPU
		{B8B24014-F56B-4A6F-B7B1-6B278ED48BED}.Debug|Any CPU.Build.0 = Debug|Any CPU
		{B8B24014-F56B-4A6F-B7B1-6B278ED48BED}.Release|Any CPU.ActiveCfg = Release|Any CPU
		{B8B24014-F56B-4A6F-B7B1-6B278ED48BED}.Release|Any CPU.Build.0 = Release|Any CPU
		{1E7CE94B-2324-4B02-95F9-D774FC014B52}.Debug|Any CPU.ActiveCfg = Debug|Any CPU
		{1E7CE94B-2324-4B02-95F9-D774FC014B52}.Debug|Any CPU.Build.0 = Debug|Any CPU
		{1E7CE94B-2324-4B02-95F9-D774FC014B52}.Release|Any CPU.ActiveCfg = Release|Any CPU
		{1E7CE94B-2324-4B02-95F9-D774FC014B52}.Release|Any CPU.Build.0 = Release|Any CPU
		{F48B0B2E-26DC-44F1-987F-47B24068B13B}.Debug|Any CPU.ActiveCfg = Debug|Any CPU
		{F48B0B2E-26DC-44F1-987F-47B24068B13B}.Debug|Any CPU.Build.0 = Debug|Any CPU
		{F48B0B2E-26DC-44F1-987F-47B24068B13B}.Release|Any CPU.ActiveCfg = Release|Any CPU
		{F48B0B2E-26DC-44F1-987F-47B24068B13B}.Release|Any CPU.Build.0 = Release|Any CPU
	EndGlobalSection
	GlobalSection(SolutionProperties) = preSolution
		HideSolutionNode = FALSE
	EndGlobalSection
	GlobalSection(NestedProjects) = preSolution
		{FEB76B96-1FCD-498C-8FEB-ED7460E28775} = {C69F2A9C-C8CB-4DEA-B23F-3DCB61835283}
		{6B231CA7-9C61-4F9F-BFCA-BF0753B8F6CC} = {C69F2A9C-C8CB-4DEA-B23F-3DCB61835283}
		{262D1FF2-D9EA-4898-B2ED-BB5C04A6E297} = {C69F2A9C-C8CB-4DEA-B23F-3DCB61835283}
		{66A8CACD-A880-43C9-A4C7-20D6F4E99672} = {C69F2A9C-C8CB-4DEA-B23F-3DCB61835283}
		{23376345-3324-4D1F-A9B8-82BAC3B2B8CC} = {C69F2A9C-C8CB-4DEA-B23F-3DCB61835283}
		{CD789076-8082-457C-BAF5-8AC53D4BBF31} = {C69F2A9C-C8CB-4DEA-B23F-3DCB61835283}
		{427F1AD8-7530-46FA-A173-F13F756CC56B} = {CB7F740E-8670-4137-B4BD-A482C05BD9F0}
		{7B2674B1-8138-4705-A424-644783EA8D7C} = {CB7F740E-8670-4137-B4BD-A482C05BD9F0}
		{6D013DA6-AF4F-4993-948C-2DBB7582AE3A} = {CB7F740E-8670-4137-B4BD-A482C05BD9F0}
		{AD472B01-7C4A-4EAE-8E71-BC5EE2D9033B} = {CB7F740E-8670-4137-B4BD-A482C05BD9F0}
		{B8B24014-F56B-4A6F-B7B1-6B278ED48BED} = {CB7F740E-8670-4137-B4BD-A482C05BD9F0}
		{1E7CE94B-2324-4B02-95F9-D774FC014B52} = {CB7F740E-8670-4137-B4BD-A482C05BD9F0}
		{F48B0B2E-26DC-44F1-987F-47B24068B13B} = {CB7F740E-8670-4137-B4BD-A482C05BD9F0}
	EndGlobalSection
	GlobalSection(ExtensibilityGlobals) = postSolution
		SolutionGuid = {9D0E8B5B-1D0B-4E3F-9F7F-F2ED85933BA0}
	EndGlobalSection
EndGlobal
